
Microsoft Visual Studio Solution File, Format Version 12.00
# Visual Studio Version 17
VisualStudioVersion = 17.5.33424.131
MinimumVisualStudioVersion = 10.0.40219.1
Project("{FAE04EC0-301F-11D3-BF4B-00C04F79EFBC}") = "Methods", "Methods\Methods.csproj", "{3499B489-3210-41E5-A310-190A26723E41}"
EndProject
Global
	GlobalSection(SolutionConfigurationPlatforms) = preSolution
		Debug|Any CPU = Debug|Any CPU
		Release|Any CPU = Release|Any CPU
	EndGlobalSection
	GlobalSection(ProjectConfigurationPlatforms) = postSolution
		{3499B489-3210-41E5-A310-190A26723E41}.Debug|Any CPU.ActiveCfg = Debug|Any CPU
		{3499B489-3210-41E5-A310-190A26723E41}.Debug|Any CPU.Build.0 = Debug|Any CPU
		{3499B489-3210-41E5-A310-190A26723E41}.Release|Any CPU.ActiveCfg = Release|Any CPU
		{3499B489-3210-41E5-A310-190A26723E41}.Release|Any CPU.Build.0 = Release|Any CPU
	EndGlobalSection
	GlobalSection(SolutionProperties) = preSolution
		HideSolutionNode = FALSE
	EndGlobalSection
	GlobalSection(ExtensibilityGlobals) = postSolution
		SolutionGuid = {E31200E1-F095-4DBF-8283-D5D56DB8747A}
	EndGlobalSection
EndGlobal
