
Microsoft Visual Studio Solution File, Format Version 12.00
# Visual Studio Version 17
VisualStudioVersion = 17.5.33424.131
MinimumVisualStudioVersion = 10.0.40219.1
Project("{FAE04EC0-301F-11D3-BF4B-00C04F79EFBC}") = "Day7", "Day7\Day7.csproj", "{7B8C19FB-BCD8-4B54-BF24-A6ECCB79E57D}"
EndProject
Global
	GlobalSection(SolutionConfigurationPlatforms) = preSolution
		Debug|Any CPU = Debug|Any CPU
		Release|Any CPU = Release|Any CPU
	EndGlobalSection
	GlobalSection(ProjectConfigurationPlatforms) = postSolution
		{7B8C19FB-BCD8-4B54-BF24-A6ECCB79E57D}.Debug|Any CPU.ActiveCfg = Debug|Any CPU
		{7B8C19FB-BCD8-4B54-BF24-A6ECCB79E57D}.Debug|Any CPU.Build.0 = Debug|Any CPU
		{7B8C19FB-BCD8-4B54-BF24-A6ECCB79E57D}.Release|Any CPU.ActiveCfg = Release|Any CPU
		{7B8C19FB-BCD8-4B54-BF24-A6ECCB79E57D}.Release|Any CPU.Build.0 = Release|Any CPU
	EndGlobalSection
	GlobalSection(SolutionProperties) = preSolution
		HideSolutionNode = FALSE
	EndGlobalSection
	GlobalSection(ExtensibilityGlobals) = postSolution
		SolutionGuid = {A43ADEA8-68BE-4C7B-9B85-2139F466F066}
	EndGlobalSection
EndGlobal
